
Microsoft Visual Studio Solution File, Format Version 12.00
# Visual Studio Version 16
VisualStudioVersion = 16.0.31624.102
MinimumVisualStudioVersion = 10.0.40219.1
Project("{FAE04EC0-301F-11D3-BF4B-00C04F79EFBC}") = "custom_cms_code", "custom_cms_code\custom_cms_code.csproj", "{277118B2-E1B6-410D-9F5D-A24D6262AD84}"
EndProject
Global
	GlobalSection(SolutionConfigurationPlatforms) = preSolution
		Debug|Any CPU = Debug|Any CPU
		Release|Any CPU = Release|Any CPU
	EndGlobalSection
	GlobalSection(ProjectConfigurationPlatforms) = postSolution
		{277118B2-E1B6-410D-9F5D-A24D6262AD84}.Debug|Any CPU.ActiveCfg = Debug|Any CPU
		{277118B2-E1B6-410D-9F5D-A24D6262AD84}.Debug|Any CPU.Build.0 = Debug|Any CPU
		{277118B2-E1B6-410D-9F5D-A24D6262AD84}.Release|Any CPU.ActiveCfg = Release|Any CPU
		{277118B2-E1B6-410D-9F5D-A24D6262AD84}.Release|Any CPU.Build.0 = Release|Any CPU
	EndGlobalSection
	GlobalSection(SolutionProperties) = preSolution
		HideSolutionNode = FALSE
	EndGlobalSection
	GlobalSection(ExtensibilityGlobals) = postSolution
		SolutionGuid = {577E0627-9614-4082-8E56-6CA38FA2E198}
	EndGlobalSection
EndGlobal
