
Microsoft Visual Studio Solution File, Format Version 12.00
# Visual Studio Version 16
VisualStudioVersion = 16.0.31624.102
MinimumVisualStudioVersion = 10.0.40219.1
Project("{9A19103F-16F7-4668-BE54-9A1E7A4F7556}") = "LogicLayer", "BussinessLogic\LogicLayer.csproj", "{35D56904-428D-43B3-B705-F601E9E7E5DB}"
EndProject
Project("{9A19103F-16F7-4668-BE54-9A1E7A4F7556}") = "Interfaces", "Interfaces\Interfaces.csproj", "{0D7115C8-3C38-43C3-A104-DC8E8B43B511}"
EndProject
Project("{9A19103F-16F7-4668-BE54-9A1E7A4F7556}") = "DataLayer", "DataLayer\DataLayer.csproj", "{67FF00BE-F419-42F4-B2A6-D33D3BC81B61}"
EndProject
Project("{9A19103F-16F7-4668-BE54-9A1E7A4F7556}") = "View", "View\View.csproj", "{9BF08348-D0E1-4262-93F5-FDEB5614F392}"
EndProject
Global
	GlobalSection(SolutionConfigurationPlatforms) = preSolution
		Debug|Any CPU = Debug|Any CPU
		Release|Any CPU = Release|Any CPU
	EndGlobalSection
	GlobalSection(ProjectConfigurationPlatforms) = postSolution
		{35D56904-428D-43B3-B705-F601E9E7E5DB}.Debug|Any CPU.ActiveCfg = Debug|Any CPU
		{35D56904-428D-43B3-B705-F601E9E7E5DB}.Debug|Any CPU.Build.0 = Debug|Any CPU
		{35D56904-428D-43B3-B705-F601E9E7E5DB}.Release|Any CPU.ActiveCfg = Release|Any CPU
		{35D56904-428D-43B3-B705-F601E9E7E5DB}.Release|Any CPU.Build.0 = Release|Any CPU
		{0D7115C8-3C38-43C3-A104-DC8E8B43B511}.Debug|Any CPU.ActiveCfg = Debug|Any CPU
		{0D7115C8-3C38-43C3-A104-DC8E8B43B511}.Debug|Any CPU.Build.0 = Debug|Any CPU
		{0D7115C8-3C38-43C3-A104-DC8E8B43B511}.Release|Any CPU.ActiveCfg = Release|Any CPU
		{0D7115C8-3C38-43C3-A104-DC8E8B43B511}.Release|Any CPU.Build.0 = Release|Any CPU
		{67FF00BE-F419-42F4-B2A6-D33D3BC81B61}.Debug|Any CPU.ActiveCfg = Debug|Any CPU
		{67FF00BE-F419-42F4-B2A6-D33D3BC81B61}.Debug|Any CPU.Build.0 = Debug|Any CPU
		{67FF00BE-F419-42F4-B2A6-D33D3BC81B61}.Release|Any CPU.ActiveCfg = Release|Any CPU
		{67FF00BE-F419-42F4-B2A6-D33D3BC81B61}.Release|Any CPU.Build.0 = Release|Any CPU
		{9BF08348-D0E1-4262-93F5-FDEB5614F392}.Debug|Any CPU.ActiveCfg = Debug|Any CPU
		{9BF08348-D0E1-4262-93F5-FDEB5614F392}.Debug|Any CPU.Build.0 = Debug|Any CPU
		{9BF08348-D0E1-4262-93F5-FDEB5614F392}.Release|Any CPU.ActiveCfg = Release|Any CPU
		{9BF08348-D0E1-4262-93F5-FDEB5614F392}.Release|Any CPU.Build.0 = Release|Any CPU
	EndGlobalSection
	GlobalSection(SolutionProperties) = preSolution
		HideSolutionNode = FALSE
	EndGlobalSection
	GlobalSection(ExtensibilityGlobals) = postSolution
		SolutionGuid = {577E0627-9614-4082-8E56-6CA38FA2E198}
	EndGlobalSection
EndGlobal
